
Microsoft Visual Studio Solution File, Format Version 12.00
# Visual Studio Version 17
VisualStudioVersion = 17.0.31912.275
MinimumVisualStudioVersion = 10.0.40219.1
Project("{FAE04EC0-301F-11D3-BF4B-00C04F79EFBC}") = "praktikum 30 - 05 - 2022", "praktikum 30 - 05 - 2022\praktikum 30 - 05 - 2022.csproj", "{C0DF31EB-D413-4295-A52D-A1B3FAAAFF64}"
EndProject
Global
	GlobalSection(SolutionConfigurationPlatforms) = preSolution
		Debug|Any CPU = Debug|Any CPU
		Release|Any CPU = Release|Any CPU
	EndGlobalSection
	GlobalSection(ProjectConfigurationPlatforms) = postSolution
		{C0DF31EB-D413-4295-A52D-A1B3FAAAFF64}.Debug|Any CPU.ActiveCfg = Debug|Any CPU
		{C0DF31EB-D413-4295-A52D-A1B3FAAAFF64}.Debug|Any CPU.Build.0 = Debug|Any CPU
		{C0DF31EB-D413-4295-A52D-A1B3FAAAFF64}.Release|Any CPU.ActiveCfg = Release|Any CPU
		{C0DF31EB-D413-4295-A52D-A1B3FAAAFF64}.Release|Any CPU.Build.0 = Release|Any CPU
	EndGlobalSection
	GlobalSection(SolutionProperties) = preSolution
		HideSolutionNode = FALSE
	EndGlobalSection
	GlobalSection(ExtensibilityGlobals) = postSolution
		SolutionGuid = {4A3390D3-52B2-4DF1-91ED-98FD29FE3A4C}
	EndGlobalSection
EndGlobal
